
Microsoft Visual Studio Solution File, Format Version 12.00
# Visual Studio Version 17
VisualStudioVersion = 17.8.34309.116
MinimumVisualStudioVersion = 10.0.40219.1
Project("{8BC9CEB8-8B4A-11D0-8D11-00A0C91BC942}") = "aled", "aled.vcxproj", "{C27CA602-C7CE-4CE7-82D7-25A4B8D9267D}"
EndProject
Global
	GlobalSection(SolutionConfigurationPlatforms) = preSolution
		Debug|x64 = Debug|x64
		Debug|x86 = Debug|x86
		Release|x64 = Release|x64
		Release|x86 = Release|x86
	EndGlobalSection
	GlobalSection(ProjectConfigurationPlatforms) = postSolution
		{C27CA602-C7CE-4CE7-82D7-25A4B8D9267D}.Debug|x64.ActiveCfg = Debug|x64
		{C27CA602-C7CE-4CE7-82D7-25A4B8D9267D}.Debug|x64.Build.0 = Debug|x64
		{C27CA602-C7CE-4CE7-82D7-25A4B8D9267D}.Debug|x86.ActiveCfg = Debug|Win32
		{C27CA602-C7CE-4CE7-82D7-25A4B8D9267D}.Debug|x86.Build.0 = Debug|Win32
		{C27CA602-C7CE-4CE7-82D7-25A4B8D9267D}.Release|x64.ActiveCfg = Release|x64
		{C27CA602-C7CE-4CE7-82D7-25A4B8D9267D}.Release|x64.Build.0 = Release|x64
		{C27CA602-C7CE-4CE7-82D7-25A4B8D9267D}.Release|x86.ActiveCfg = Release|Win32
		{C27CA602-C7CE-4CE7-82D7-25A4B8D9267D}.Release|x86.Build.0 = Release|Win32
	EndGlobalSection
	GlobalSection(SolutionProperties) = preSolution
		HideSolutionNode = FALSE
	EndGlobalSection
	GlobalSection(ExtensibilityGlobals) = postSolution
		SolutionGuid = {2AAC7972-7462-4E1B-93F8-018F3EAE9926}
	EndGlobalSection
EndGlobal
